# This file was autogenerated by uv via the following command:
#    uv pip compile requirements.txt -c /tmp/constraints-filtered.txt -o requirements.lock
a2wsgi==1.10.10
    # via
    #   -c /tmp/constraints-filtered.txt
    #   apache-airflow-core
aiofile==3.12.3
    # via py-key-value-aio
aiosmtplib==5.1.2
    # via
    #   -c /tmp/constraints-filtered.txt
    #   apache-airflow-providers-smtp
aiosqlite==0.21.0
    # via
    #   -c /tmp/constraints-filtered.txt
    #   apache-airflow-core
alembic==1.18.5
    # via
    #   -c /tmp/constraints-filtered.txt
    #   apache-airflow-core
annotated-doc==0.0.4
    # via
    #   -c /tmp/constraints-filtered.txt
    #   fastapi
    #   typer
annotated-types==0.7.0
    # via
    #   -c /tmp/constraints-filtered.txt
    #   pydantic
anyio==4.14.1
    # via
    #   -c /tmp/constraints-filtered.txt
    #   httpx
    #   httpx2
    #   mcp
    #   py-key-value-aio
    #   sse-starlette
    #   starlette
    #   watchfiles
apache-airflow==3.3.0
    # via
    #   -r requirements-dev.txt
    #   apache-airflow-providers-common-ai
    #   apache-airflow-providers-common-compat
    #   apache-airflow-providers-common-io
    #   apache-airflow-providers-common-sql
    #   apache-airflow-providers-smtp
    #   apache-airflow-providers-standard
apache-airflow-core==3.3.0
    # via
    #   apache-airflow
    #   apache-airflow-task-sdk
apache-airflow-providers-common-ai==0.7.0
    # via -r requirements-dev.txt
apache-airflow-providers-common-compat==1.15.0
    # via
    #   -c /tmp/constraints-filtered.txt
    #   apache-airflow-core
    #   apache-airflow-providers-common-ai
    #   apache-airflow-providers-common-io
    #   apache-airflow-providers-common-sql
    #   apache-airflow-providers-smtp
    #   apache-airflow-providers-standard
apache-airflow-providers-common-io==1.8.0
    # via
    #   -c /tmp/constraints-filtered.txt
    #   apache-airflow-core
apache-airflow-providers-common-sql==2.0.1
    # via
    #   -c /tmp/constraints-filtered.txt
    #   apache-airflow-core
apache-airflow-providers-smtp==3.0.1
    # via
    #   -c /tmp/constraints-filtered.txt
    #   apache-airflow-core
apache-airflow-providers-standard==1.15.0
    # via
    #   -c /tmp/constraints-filtered.txt
    #   apache-airflow-core
    #   apache-airflow-providers-common-ai
apache-airflow-task-sdk==1.3.0
    # via
    #   apache-airflow
    #   apache-airflow-core
argcomplete==3.7.0
    # via
    #   -c /tmp/constraints-filtered.txt
    #   apache-airflow-core
arrow==1.4.0
    # via
    #   -c /tmp/constraints-filtered.txt
    #   isoduration
asgiref==3.11.1
    # via
    #   -c /tmp/constraints-filtered.txt
    #   apache-airflow-core
    #   apache-airflow-providers-common-compat
    #   apache-airflow-task-sdk
attrs==26.1.0
    # via
    #   -c /tmp/constraints-filtered.txt
    #   apache-airflow-core
    #   apache-airflow-task-sdk
    #   jsonschema
    #   outcome
    #   referencing
    #   svcs
authlib==1.7.2
    # via
    #   -c /tmp/constraints-filtered.txt
    #   fastmcp-slim
babel==2.18.0
    # via
    #   -c /tmp/constraints-filtered.txt
    #   apache-airflow-task-sdk
beartype==0.22.9
    # via py-key-value-aio
beautifulsoup4==4.15.0
    # via
    #   -c /tmp/constraints-filtered.txt
    #   -r requirements-dev.txt
cachetools==7.1.4
    # via
    #   -c /tmp/constraints-filtered.txt
    #   apache-airflow-core
    #   py-key-value-aio
cadwyn==7.0.0
    # via
    #   -c /tmp/constraints-filtered.txt
    #   apache-airflow-core
caio==0.12.2
    # via aiofile
certifi==2026.6.17
    # via
    #   -c /tmp/constraints-filtered.txt
    #   httpcore
    #   httpx
    #   requests
cffi==2.0.0
    # via
    #   -c /tmp/constraints-filtered.txt
    #   cryptography
charset-normalizer==3.4.7
    # via
    #   -c /tmp/constraints-filtered.txt
    #   requests
click==8.4.2
    # via
    #   -c /tmp/constraints-filtered.txt
    #   rich-toolkit
    #   typer
    #   uvicorn
colorlog==6.10.1
    # via
    #   -c /tmp/constraints-filtered.txt
    #   apache-airflow-core
    #   apache-airflow-task-sdk
cron-descriptor==2.1.0
    # via
    #   -c /tmp/constraints-filtered.txt
    #   apache-airflow-core
croniter==6.2.2
    # via
    #   -c /tmp/constraints-filtered.txt
    #   apache-airflow-core
cryptography==48.0.1
    # via
    #   -c /tmp/constraints-filtered.txt
    #   apache-airflow-core
    #   authlib
    #   google-auth
    #   joserfc
    #   pyjwt
    #   secretstorage
deprecated==1.3.1
    # via
    #   -c /tmp/constraints-filtered.txt
    #   apache-airflow-core
dill==0.4.1
    # via
    #   -c /tmp/constraints-filtered.txt
    #   apache-airflow-core
dnspython==2.8.0
    # via
    #   -c /tmp/constraints-filtered.txt
    #   email-validator
email-validator==2.3.0
    # via
    #   -c /tmp/constraints-filtered.txt
    #   fastapi
    #   pydantic
exceptiongroup==1.3.1
    # via fastmcp-slim
fastapi==0.136.3
    # via
    #   -c /tmp/constraints-filtered.txt
    #   apache-airflow-core
    #   cadwyn
fastapi-cli==0.0.27
    # via
    #   -c /tmp/constraints-filtered.txt
    #   fastapi
fastmcp-slim==3.4.7
    # via pydantic-ai-slim
fsspec==2026.6.0
    # via
    #   -c /tmp/constraints-filtered.txt
    #   apache-airflow-task-sdk
    #   universal-pathlib
genai-prices==0.0.69
    # via
    #   -c /tmp/constraints-filtered.txt
    #   pydantic-ai-slim
google-api-core==2.31.0
    # via
    #   -c /tmp/constraints-filtered.txt
    #   google-api-python-client
google-api-python-client==2.198.0
    # via
    #   -c /tmp/constraints-filtered.txt
    #   -r requirements-dev.txt
google-auth==2.55.1
    # via
    #   -c /tmp/constraints-filtered.txt
    #   -r requirements-dev.txt
    #   google-api-core
    #   google-api-python-client
    #   google-auth-httplib2
google-auth-httplib2==0.4.0
    # via
    #   -c /tmp/constraints-filtered.txt
    #   google-api-python-client
googleapis-common-protos==1.75.0
    # via
    #   -c /tmp/constraints-filtered.txt
    #   google-api-core
    #   opentelemetry-exporter-otlp-proto-grpc
    #   opentelemetry-exporter-otlp-proto-http
greenback==1.3.0
    # via
    #   -c /tmp/constraints-filtered.txt
    #   apache-airflow-task-sdk
greenlet==3.5.3
    # via
    #   -c /tmp/constraints-filtered.txt
    #   greenback
    #   sqlalchemy
griffelib==2.1.0
    # via
    #   -c /tmp/constraints-filtered.txt
    #   pydantic-ai-slim
grpcio==1.81.1
    # via
    #   -c /tmp/constraints-filtered.txt
    #   opentelemetry-exporter-otlp-proto-grpc
h11==0.16.0
    # via
    #   -c /tmp/constraints-filtered.txt
    #   httpcore
    #   httpcore2
    #   uvicorn
httpcore==1.0.9
    # via
    #   -c /tmp/constraints-filtered.txt
    #   httpx
httpcore2==2.5.0
    # via
    #   -c /tmp/constraints-filtered.txt
    #   httpx2
httplib2==0.32.0
    # via
    #   -c /tmp/constraints-filtered.txt
    #   google-api-python-client
    #   google-auth-httplib2
httptools==0.8.0
    # via
    #   -c /tmp/constraints-filtered.txt
    #   uvicorn
httpx==0.28.1
    # via
    #   -c /tmp/constraints-filtered.txt
    #   apache-airflow-core
    #   apache-airflow-task-sdk
    #   fastapi
    #   fastmcp-slim
    #   mcp
    #   pydantic-ai-slim
    #   pydantic-graph
httpx-sse==0.4.3
    # via mcp
httpx2==2.5.0
    # via
    #   -c /tmp/constraints-filtered.txt
    #   genai-prices
idna==3.18
    # via
    #   -c /tmp/constraints-filtered.txt
    #   anyio
    #   email-validator
    #   httpx
    #   httpx2
    #   requests
importlib-metadata==9.0.0
    # via
    #   -c /tmp/constraints-filtered.txt
    #   apache-airflow-core
isoduration==20.11.0
    # via
    #   -c /tmp/constraints-filtered.txt
    #   apache-airflow-core
    #   apache-airflow-task-sdk
itsdangerous==2.2.0
    # via
    #   -c /tmp/constraints-filtered.txt
    #   apache-airflow-core
jaraco-classes==3.4.0
    # via
    #   -c /tmp/constraints-filtered.txt
    #   keyring
jaraco-context==6.1.2
    # via
    #   -c /tmp/constraints-filtered.txt
    #   keyring
jaraco-functools==4.5.0
    # via
    #   -c /tmp/constraints-filtered.txt
    #   keyring
jeepney==0.9.0
    # via
    #   -c /tmp/constraints-filtered.txt
    #   keyring
    #   secretstorage
jinja2==3.1.6
    # via
    #   -c /tmp/constraints-filtered.txt
    #   apache-airflow-core
    #   apache-airflow-task-sdk
    #   cadwyn
    #   fastapi
joserfc==1.7.2
    # via
    #   -c /tmp/constraints-filtered.txt
    #   authlib
jsonschema==4.26.0
    # via
    #   -c /tmp/constraints-filtered.txt
    #   apache-airflow-core
    #   apache-airflow-task-sdk
    #   mcp
jsonschema-specifications==2025.9.1
    # via
    #   -c /tmp/constraints-filtered.txt
    #   jsonschema
keyring==25.7.0
    # via
    #   -c /tmp/constraints-filtered.txt
    #   py-key-value-aio
lazy-object-proxy==1.12.0
    # via
    #   -c /tmp/constraints-filtered.txt
    #   apache-airflow-core
libcst==1.8.6
    # via
    #   -c /tmp/constraints-filtered.txt
    #   apache-airflow-core
linkify-it-py==2.1.0
    # via
    #   -c /tmp/constraints-filtered.txt
    #   apache-airflow-core
lockfile==0.12.2
    # via
    #   -c /tmp/constraints-filtered.txt
    #   apache-airflow-core
    #   python-daemon
logfire-api==4.37.0
    # via
    #   -c /tmp/constraints-filtered.txt
    #   pydantic-graph
mako==1.3.12
    # via
    #   -c /tmp/constraints-filtered.txt
    #   alembic
markdown-it-py==4.2.0
    # via
    #   -c /tmp/constraints-filtered.txt
    #   rich
markupsafe==3.0.3
    # via
    #   -c /tmp/constraints-filtered.txt
    #   jinja2
    #   mako
mcp==1.29.0
    # via fastmcp-slim
mdurl==0.1.2
    # via
    #   -c /tmp/constraints-filtered.txt
    #   markdown-it-py
methodtools==0.4.7
    # via
    #   -c /tmp/constraints-filtered.txt
    #   apache-airflow-core
    #   apache-airflow-providers-common-sql
    #   apache-airflow-task-sdk
more-itertools==11.1.0
    # via
    #   -c /tmp/constraints-filtered.txt
    #   apache-airflow-providers-common-sql
    #   jaraco-classes
    #   jaraco-functools
msgspec==0.21.1
    # via
    #   -c /tmp/constraints-filtered.txt
    #   apache-airflow-core
    #   apache-airflow-task-sdk
natsort==8.4.0
    # via
    #   -c /tmp/constraints-filtered.txt
    #   apache-airflow-core
opentelemetry-api==1.43.0
    # via
    #   -c /tmp/constraints-filtered.txt
    #   apache-airflow-core
    #   apache-airflow-task-sdk
    #   fastmcp-slim
    #   opentelemetry-exporter-otlp-proto-grpc
    #   opentelemetry-exporter-otlp-proto-http
    #   opentelemetry-sdk
    #   opentelemetry-semantic-conventions
    #   pydantic-ai-slim
opentelemetry-exporter-otlp==1.43.0
    # via
    #   -c /tmp/constraints-filtered.txt
    #   apache-airflow-core
opentelemetry-exporter-otlp-proto-common==1.43.0
    # via
    #   -c /tmp/constraints-filtered.txt
    #   opentelemetry-exporter-otlp-proto-grpc
    #   opentelemetry-exporter-otlp-proto-http
opentelemetry-exporter-otlp-proto-grpc==1.43.0
    # via
    #   -c /tmp/constraints-filtered.txt
    #   opentelemetry-exporter-otlp
opentelemetry-exporter-otlp-proto-http==1.43.0
    # via
    #   -c /tmp/constraints-filtered.txt
    #   opentelemetry-exporter-otlp
opentelemetry-proto==1.43.0
    # via
    #   -c /tmp/constraints-filtered.txt
    #   apache-airflow-core
    #   opentelemetry-exporter-otlp-proto-common
    #   opentelemetry-exporter-otlp-proto-grpc
    #   opentelemetry-exporter-otlp-proto-http
opentelemetry-sdk==1.43.0
    # via
    #   -c /tmp/constraints-filtered.txt
    #   opentelemetry-exporter-otlp-proto-grpc
    #   opentelemetry-exporter-otlp-proto-http
opentelemetry-semantic-conventions==0.64b0
    # via
    #   -c /tmp/constraints-filtered.txt
    #   opentelemetry-sdk
outcome==1.3.0.post0
    # via
    #   -c /tmp/constraints-filtered.txt
    #   greenback
packaging==26.2
    # via
    #   -c /tmp/constraints-filtered.txt
    #   apache-airflow-core
    #   apache-airflow-task-sdk
pathlib-abc==0.5.2
    # via
    #   -c /tmp/constraints-filtered.txt
    #   universal-pathlib
pathspec==1.1.1
    # via
    #   -c /tmp/constraints-filtered.txt
    #   apache-airflow-core
    #   apache-airflow-task-sdk
pendulum==3.2.0
    # via
    #   -c /tmp/constraints-filtered.txt
    #   apache-airflow-core
    #   apache-airflow-task-sdk
platformdirs==4.10.0
    # via
    #   -c /tmp/constraints-filtered.txt
    #   fastmcp-slim
pluggy==1.6.0
    # via
    #   -c /tmp/constraints-filtered.txt
    #   apache-airflow-core
    #   apache-airflow-task-sdk
proto-plus==1.28.0
    # via
    #   -c /tmp/constraints-filtered.txt
    #   google-api-core
protobuf==6.33.6
    # via
    #   -c /tmp/constraints-filtered.txt
    #   google-api-core
    #   googleapis-common-protos
    #   opentelemetry-proto
    #   proto-plus
psutil==7.2.2
    # via
    #   -c /tmp/constraints-filtered.txt
    #   apache-airflow-core
    #   apache-airflow-task-sdk
py-key-value-aio==0.4.5
    # via fastmcp-slim
pyasn1==0.6.3
    # via
    #   -c /tmp/constraints-filtered.txt
    #   pyasn1-modules
pyasn1-modules==0.4.2
    # via
    #   -c /tmp/constraints-filtered.txt
    #   google-auth
pycparser==3.0
    # via
    #   -c /tmp/constraints-filtered.txt
    #   cffi
pydantic==2.13.4
    # via
    #   -c /tmp/constraints-filtered.txt
    #   apache-airflow-core
    #   apache-airflow-task-sdk
    #   cadwyn
    #   fastapi
    #   fastmcp-slim
    #   genai-prices
    #   mcp
    #   pydantic-ai-slim
    #   pydantic-extra-types
    #   pydantic-graph
    #   pydantic-settings
pydantic-ai-slim==2.3.0
    # via
    #   -c /tmp/constraints-filtered.txt
    #   apache-airflow-providers-common-ai
pydantic-core==2.46.4
    # via
    #   -c /tmp/constraints-filtered.txt
    #   pydantic
pydantic-extra-types==2.11.1
    # via
    #   -c /tmp/constraints-filtered.txt
    #   fastapi
pydantic-graph==2.3.0
    # via
    #   -c /tmp/constraints-filtered.txt
    #   pydantic-ai-slim
pydantic-settings==2.14.2
    # via
    #   -c /tmp/constraints-filtered.txt
    #   fastapi
    #   fastmcp-slim
    #   mcp
pygments==2.20.0
    # via
    #   -c /tmp/constraints-filtered.txt
    #   apache-airflow-core
    #   rich
pygtrie==2.5.0
    # via
    #   -c /tmp/constraints-filtered.txt
    #   apache-airflow-core
    #   apache-airflow-task-sdk
pyjwt==2.13.0
    # via
    #   -c /tmp/constraints-filtered.txt
    #   apache-airflow-core
    #   mcp
pyparsing==3.3.2
    # via
    #   -c /tmp/constraints-filtered.txt
    #   httplib2
python-daemon==3.1.2
    # via
    #   -c /tmp/constraints-filtered.txt
    #   apache-airflow-core
python-dateutil==2.9.0.post0
    # via
    #   -c /tmp/constraints-filtered.txt
    #   apache-airflow-core
    #   apache-airflow-task-sdk
    #   arrow
    #   croniter
    #   pendulum
python-dotenv==1.2.2
    # via
    #   -c /tmp/constraints-filtered.txt
    #   fastmcp-slim
    #   pydantic-settings
    #   uvicorn
python-multipart==0.0.32
    # via
    #   -c /tmp/constraints-filtered.txt
    #   fastapi
    #   mcp
python-slugify==8.0.4
    # via
    #   -c /tmp/constraints-filtered.txt
    #   apache-airflow-core
pyyaml==6.0.3
    # via
    #   -c /tmp/constraints-filtered.txt
    #   apache-airflow-core
    #   uvicorn
pyyaml-ft==8.0.0
    # via
    #   -c /tmp/constraints-filtered.txt
    #   libcst
referencing==0.37.0
    # via
    #   -c /tmp/constraints-filtered.txt
    #   jsonschema
    #   jsonschema-specifications
requests==2.34.2
    # via
    #   -c /tmp/constraints-filtered.txt
    #   apache-airflow-core
    #   google-api-core
    #   opentelemetry-exporter-otlp-proto-http
    #   resend
resend==2.35.0
    # via -r requirements-dev.txt
rich==13.9.4
    # via
    #   -c /tmp/constraints-filtered.txt
    #   apache-airflow-core
    #   fastmcp-slim
    #   rich-argparse
    #   rich-toolkit
    #   typer
rich-argparse==1.8.0
    # via
    #   -c /tmp/constraints-filtered.txt
    #   apache-airflow-core
rich-toolkit==0.20.1
    # via
    #   -c /tmp/constraints-filtered.txt
    #   fastapi-cli
rpds-py==2026.6.3
    # via
    #   -c /tmp/constraints-filtered.txt
    #   jsonschema
    #   referencing
secretstorage==3.5.0
    # via
    #   -c /tmp/constraints-filtered.txt
    #   keyring
setproctitle==1.3.7
    # via
    #   -c /tmp/constraints-filtered.txt
    #   apache-airflow-core
shellingham==1.5.4
    # via
    #   -c /tmp/constraints-filtered.txt
    #   typer
six==1.17.0
    # via
    #   -c /tmp/constraints-filtered.txt
    #   python-dateutil
    #   wirerope
sniffio==1.3.1
    # via
    #   -c /tmp/constraints-filtered.txt
    #   greenback
soupsieve==2.8.4
    # via
    #   -c /tmp/constraints-filtered.txt
    #   beautifulsoup4
sqlalchemy==2.0.51
    # via
    #   -c /tmp/constraints-filtered.txt
    #   alembic
    #   apache-airflow-core
sqlparse==0.5.5
    # via
    #   -c /tmp/constraints-filtered.txt
    #   apache-airflow-providers-common-sql
sse-starlette==3.4.8
    # via mcp
starlette==1.3.1
    # via
    #   -c /tmp/constraints-filtered.txt
    #   apache-airflow-core
    #   cadwyn
    #   fastapi
    #   fastmcp-slim
    #   mcp
    #   sse-starlette
structlog==26.1.0
    # via
    #   -c /tmp/constraints-filtered.txt
    #   apache-airflow-core
    #   apache-airflow-task-sdk
svcs==25.1.0
    # via
    #   -c /tmp/constraints-filtered.txt
    #   apache-airflow-core
tabulate==0.10.0
    # via
    #   -c /tmp/constraints-filtered.txt
    #   apache-airflow-core
tenacity==9.1.4
    # via
    #   -c /tmp/constraints-filtered.txt
    #   apache-airflow-core
    #   apache-airflow-task-sdk
termcolor==3.3.0
    # via
    #   -c /tmp/constraints-filtered.txt
    #   apache-airflow-core
text-unidecode==1.3
    # via
    #   -c /tmp/constraints-filtered.txt
    #   python-slugify
truststore==0.10.4
    # via
    #   -c /tmp/constraints-filtered.txt
    #   httpcore2
    #   httpx2
typer==0.25.1
    # via
    #   -c /tmp/constraints-filtered.txt
    #   fastapi-cli
typing-extensions==4.16.0
    # via
    #   -c /tmp/constraints-filtered.txt
    #   aiosqlite
    #   alembic
    #   apache-airflow-core
    #   apache-airflow-task-sdk
    #   beautifulsoup4
    #   cadwyn
    #   cron-descriptor
    #   fastapi
    #   fastmcp-slim
    #   grpcio
    #   mcp
    #   opentelemetry-api
    #   opentelemetry-exporter-otlp-proto-grpc
    #   opentelemetry-exporter-otlp-proto-http
    #   opentelemetry-sdk
    #   opentelemetry-semantic-conventions
    #   py-key-value-aio
    #   pydantic
    #   pydantic-core
    #   pydantic-extra-types
    #   resend
    #   rich-toolkit
    #   sqlalchemy
    #   typing-inspection
typing-inspection==0.4.2
    # via
    #   -c /tmp/constraints-filtered.txt
    #   cadwyn
    #   fastapi
    #   mcp
    #   pydantic
    #   pydantic-ai-slim
    #   pydantic-graph
    #   pydantic-settings
tzdata==2026.2
    # via
    #   -c /tmp/constraints-filtered.txt
    #   arrow
    #   pendulum
uc-micro-py==2.0.0
    # via
    #   -c /tmp/constraints-filtered.txt
    #   linkify-it-py
universal-pathlib==0.3.10
    # via
    #   -c /tmp/constraints-filtered.txt
    #   apache-airflow-core
uritemplate==4.2.0
    # via
    #   -c /tmp/constraints-filtered.txt
    #   google-api-python-client
urllib3==2.7.0
    # via
    #   -c /tmp/constraints-filtered.txt
    #   requests
uuid6==2025.0.1
    # via
    #   -c /tmp/constraints-filtered.txt
    #   apache-airflow-core
uvicorn==0.49.0
    # via
    #   -c /tmp/constraints-filtered.txt
    #   apache-airflow-core
    #   fastapi
    #   fastapi-cli
    #   mcp
uvloop==0.22.1
    # via
    #   -c /tmp/constraints-filtered.txt
    #   uvicorn
watchfiles==1.2.0
    # via
    #   -c /tmp/constraints-filtered.txt
    #   uvicorn
websockets==16.0
    # via
    #   -c /tmp/constraints-filtered.txt
    #   uvicorn
wirerope==1.0.0
    # via
    #   -c /tmp/constraints-filtered.txt
    #   methodtools
wrapt==2.2.2
    # via
    #   -c /tmp/constraints-filtered.txt
    #   deprecated
zipp==4.1.0
    # via
    #   -c /tmp/constraints-filtered.txt
    #   importlib-metadata
